
Microsoft Visual Studio Solution File, Format Version 12.00
# Visual Studio Version 17
VisualStudioVersion = 17.14.36109.1
MinimumVisualStudioVersion = 10.0.40219.1
Project("{FAE04EC0-301F-11D3-BF4B-00C04F79EFBC}") = "01_MainSubjects", "01_MainSubjects\01_MainSubjects.csproj", "{D26220E5-716D-4949-9390-E1A5002CBDA6}"
EndProject
Project("{FAE04EC0-301F-11D3-BF4B-00C04F79EFBC}") = "02_Variables", "02_Variables\02_Variables.csproj", "{762B7D69-6B50-41A2-87FA-8B4E154E485A}"
EndProject
Project("{FAE04EC0-301F-11D3-BF4B-00C04F79EFBC}") = "03_MakingDecision", "03_MakingDecision\03_MakingDecision.csproj", "{E98F34F7-37FA-450F-BAA3-E1EE7996F562}"
EndProject
Project("{FAE04EC0-301F-11D3-BF4B-00C04F79EFBC}") = "04_Loops", "04_Loops\04_Loops.csproj", "{56328F07-BD90-43CD-A976-E957ED5FF387}"
EndProject
Project("{FAE04EC0-301F-11D3-BF4B-00C04F79EFBC}") = "05_LoopsWithStars", "05_LoopsWithStars\05_LoopsWithStars.csproj", "{ADCB3ACF-1526-43E5-B102-229FAB6ECFE7}"
EndProject
Project("{FAE04EC0-301F-11D3-BF4B-00C04F79EFBC}") = "06_Arrays", "06_Arrays\06_Arrays.csproj", "{7D995C3C-F2D1-4B15-8322-9AEEB48A6225}"
EndProject
Project("{FAE04EC0-301F-11D3-BF4B-00C04F79EFBC}") = "07_ForeachLoops", "07_ForeachLoop\07_ForeachLoops.csproj", "{6980C4C7-95BD-42C1-94CE-05F44D6A68CE}"
EndProject
Project("{FAE04EC0-301F-11D3-BF4B-00C04F79EFBC}") = "08_Methods", "08_Methods\08_Methods.csproj", "{36563B72-C8CF-429B-80A1-954F54073C3E}"
EndProject
Global
	GlobalSection(SolutionConfigurationPlatforms) = preSolution
		Debug|Any CPU = Debug|Any CPU
		Release|Any CPU = Release|Any CPU
	EndGlobalSection
	GlobalSection(ProjectConfigurationPlatforms) = postSolution
		{D26220E5-716D-4949-9390-E1A5002CBDA6}.Debug|Any CPU.ActiveCfg = Debug|Any CPU
		{D26220E5-716D-4949-9390-E1A5002CBDA6}.Debug|Any CPU.Build.0 = Debug|Any CPU
		{D26220E5-716D-4949-9390-E1A5002CBDA6}.Release|Any CPU.ActiveCfg = Release|Any CPU
		{D26220E5-716D-4949-9390-E1A5002CBDA6}.Release|Any CPU.Build.0 = Release|Any CPU
		{762B7D69-6B50-41A2-87FA-8B4E154E485A}.Debug|Any CPU.ActiveCfg = Debug|Any CPU
		{762B7D69-6B50-41A2-87FA-8B4E154E485A}.Debug|Any CPU.Build.0 = Debug|Any CPU
		{762B7D69-6B50-41A2-87FA-8B4E154E485A}.Release|Any CPU.ActiveCfg = Release|Any CPU
		{762B7D69-6B50-41A2-87FA-8B4E154E485A}.Release|Any CPU.Build.0 = Release|Any CPU
		{E98F34F7-37FA-450F-BAA3-E1EE7996F562}.Debug|Any CPU.ActiveCfg = Debug|Any CPU
		{E98F34F7-37FA-450F-BAA3-E1EE7996F562}.Debug|Any CPU.Build.0 = Debug|Any CPU
		{E98F34F7-37FA-450F-BAA3-E1EE7996F562}.Release|Any CPU.ActiveCfg = Release|Any CPU
		{E98F34F7-37FA-450F-BAA3-E1EE7996F562}.Release|Any CPU.Build.0 = Release|Any CPU
		{56328F07-BD90-43CD-A976-E957ED5FF387}.Debug|Any CPU.ActiveCfg = Debug|Any CPU
		{56328F07-BD90-43CD-A976-E957ED5FF387}.Debug|Any CPU.Build.0 = Debug|Any CPU
		{56328F07-BD90-43CD-A976-E957ED5FF387}.Release|Any CPU.ActiveCfg = Release|Any CPU
		{56328F07-BD90-43CD-A976-E957ED5FF387}.Release|Any CPU.Build.0 = Release|Any CPU
		{ADCB3ACF-1526-43E5-B102-229FAB6ECFE7}.Debug|Any CPU.ActiveCfg = Debug|Any CPU
		{ADCB3ACF-1526-43E5-B102-229FAB6ECFE7}.Debug|Any CPU.Build.0 = Debug|Any CPU
		{ADCB3ACF-1526-43E5-B102-229FAB6ECFE7}.Release|Any CPU.ActiveCfg = Release|Any CPU
		{ADCB3ACF-1526-43E5-B102-229FAB6ECFE7}.Release|Any CPU.Build.0 = Release|Any CPU
		{7D995C3C-F2D1-4B15-8322-9AEEB48A6225}.Debug|Any CPU.ActiveCfg = Debug|Any CPU
		{7D995C3C-F2D1-4B15-8322-9AEEB48A6225}.Debug|Any CPU.Build.0 = Debug|Any CPU
		{7D995C3C-F2D1-4B15-8322-9AEEB48A6225}.Release|Any CPU.ActiveCfg = Release|Any CPU
		{7D995C3C-F2D1-4B15-8322-9AEEB48A6225}.Release|Any CPU.Build.0 = Release|Any CPU
		{6980C4C7-95BD-42C1-94CE-05F44D6A68CE}.Debug|Any CPU.ActiveCfg = Debug|Any CPU
		{6980C4C7-95BD-42C1-94CE-05F44D6A68CE}.Debug|Any CPU.Build.0 = Debug|Any CPU
		{6980C4C7-95BD-42C1-94CE-05F44D6A68CE}.Release|Any CPU.ActiveCfg = Release|Any CPU
		{6980C4C7-95BD-42C1-94CE-05F44D6A68CE}.Release|Any CPU.Build.0 = Release|Any CPU
		{36563B72-C8CF-429B-80A1-954F54073C3E}.Debug|Any CPU.ActiveCfg = Debug|Any CPU
		{36563B72-C8CF-429B-80A1-954F54073C3E}.Debug|Any CPU.Build.0 = Debug|Any CPU
		{36563B72-C8CF-429B-80A1-954F54073C3E}.Release|Any CPU.ActiveCfg = Release|Any CPU
		{36563B72-C8CF-429B-80A1-954F54073C3E}.Release|Any CPU.Build.0 = Release|Any CPU
	EndGlobalSection
	GlobalSection(SolutionProperties) = preSolution
		HideSolutionNode = FALSE
	EndGlobalSection
	GlobalSection(ExtensibilityGlobals) = postSolution
		SolutionGuid = {08DBF043-00BE-48B7-887F-C946CFB94BE4}
	EndGlobalSection
EndGlobal
